
Microsoft Visual Studio Solution File, Format Version 12.00
# Blend for Visual Studio 15
VisualStudioVersion = 15.0.27428.2005
MinimumVisualStudioVersion = 10.0.40219.1
Project("{FAE04EC0-301F-11D3-BF4B-00C04F79EFBC}") = "CryptoExchangeLib", "CryptoExchangeLib\CryptoExchangeLib.csproj", "{F5406DFE-3337-4082-B8B5-2E80702F14DF}"
EndProject
Global
	GlobalSection(SolutionConfigurationPlatforms) = preSolution
		Debug|Any CPU = Debug|Any CPU
		Release|Any CPU = Release|Any CPU
	EndGlobalSection
	GlobalSection(ProjectConfigurationPlatforms) = postSolution
		{F5406DFE-3337-4082-B8B5-2E80702F14DF}.Debug|Any CPU.ActiveCfg = Debug|Any CPU
		{F5406DFE-3337-4082-B8B5-2E80702F14DF}.Debug|Any CPU.Build.0 = Debug|Any CPU
		{F5406DFE-3337-4082-B8B5-2E80702F14DF}.Release|Any CPU.ActiveCfg = Release|Any CPU
		{F5406DFE-3337-4082-B8B5-2E80702F14DF}.Release|Any CPU.Build.0 = Release|Any CPU
	EndGlobalSection
	GlobalSection(SolutionProperties) = preSolution
		HideSolutionNode = FALSE
	EndGlobalSection
	GlobalSection(ExtensibilityGlobals) = postSolution
		SolutionGuid = {BFE4AE76-2C37-4A69-8CC3-B2973CC6B135}
	EndGlobalSection
EndGlobal
